
Microsoft Visual Studio Solution File, Format Version 12.00
# Visual Studio Version 16
VisualStudioVersion = 16.0.30711.63
MinimumVisualStudioVersion = 10.0.40219.1
Project("{FAE04EC0-301F-11D3-BF4B-00C04F79EFBC}") = "01. Harvesting Fields", "01. Harvesting Fields\01. Harvesting Fields.csproj", "{D9DBA2E0-C00F-4597-AB67-026DDBEE4F2E}"
EndProject
Project("{FAE04EC0-301F-11D3-BF4B-00C04F79EFBC}") = "02. Black Box Integer", "02. Black Box Integer\02. Black Box Integer.csproj", "{6717CA68-47E4-4E34-816B-A19C03AFF4F9}"
EndProject
Project("{FAE04EC0-301F-11D3-BF4B-00C04F79EFBC}") = "06. Traffic Lights", "06. Traffic Lights\06. Traffic Lights.csproj", "{56ABB14F-8008-4FBC-AB50-0384B82850B6}"
EndProject
Global
	GlobalSection(SolutionConfigurationPlatforms) = preSolution
		Debug|Any CPU = Debug|Any CPU
		Release|Any CPU = Release|Any CPU
	EndGlobalSection
	GlobalSection(ProjectConfigurationPlatforms) = postSolution
		{D9DBA2E0-C00F-4597-AB67-026DDBEE4F2E}.Debug|Any CPU.ActiveCfg = Debug|Any CPU
		{D9DBA2E0-C00F-4597-AB67-026DDBEE4F2E}.Debug|Any CPU.Build.0 = Debug|Any CPU
		{D9DBA2E0-C00F-4597-AB67-026DDBEE4F2E}.Release|Any CPU.ActiveCfg = Release|Any CPU
		{D9DBA2E0-C00F-4597-AB67-026DDBEE4F2E}.Release|Any CPU.Build.0 = Release|Any CPU
		{6717CA68-47E4-4E34-816B-A19C03AFF4F9}.Debug|Any CPU.ActiveCfg = Debug|Any CPU
		{6717CA68-47E4-4E34-816B-A19C03AFF4F9}.Debug|Any CPU.Build.0 = Debug|Any CPU
		{6717CA68-47E4-4E34-816B-A19C03AFF4F9}.Release|Any CPU.ActiveCfg = Release|Any CPU
		{6717CA68-47E4-4E34-816B-A19C03AFF4F9}.Release|Any CPU.Build.0 = Release|Any CPU
		{56ABB14F-8008-4FBC-AB50-0384B82850B6}.Debug|Any CPU.ActiveCfg = Debug|Any CPU
		{56ABB14F-8008-4FBC-AB50-0384B82850B6}.Debug|Any CPU.Build.0 = Debug|Any CPU
		{56ABB14F-8008-4FBC-AB50-0384B82850B6}.Release|Any CPU.ActiveCfg = Release|Any CPU
		{56ABB14F-8008-4FBC-AB50-0384B82850B6}.Release|Any CPU.Build.0 = Release|Any CPU
	EndGlobalSection
	GlobalSection(SolutionProperties) = preSolution
		HideSolutionNode = FALSE
	EndGlobalSection
	GlobalSection(ExtensibilityGlobals) = postSolution
		SolutionGuid = {9051DDDA-2ED3-483E-B6D3-B8A9EE989065}
	EndGlobalSection
EndGlobal
