
Microsoft Visual Studio Solution File, Format Version 12.00
# Visual Studio Version 16
VisualStudioVersion = 16.0.30320.27
MinimumVisualStudioVersion = 10.0.40219.1
Project("{9A19103F-16F7-4668-BE54-9A1E7A4F7556}") = "01. Raw Data", "01. Raw Data\01. Raw Data.csproj", "{45BEBAF6-904E-41E1-B25B-2E1CD11BC941}"
EndProject
Project("{9A19103F-16F7-4668-BE54-9A1E7A4F7556}") = "02. Cars Salesman", "02. Cars Salesman\02. Cars Salesman.csproj", "{BD524983-4591-4701-94E2-8508169D6795}"
EndProject
Project("{9A19103F-16F7-4668-BE54-9A1E7A4F7556}") = "07. Family Tree", "07. Family Tree\07. Family Tree.csproj", "{CB5CE414-7DBA-4DED-AB23-173EACBC5B8F}"
EndProject
Global
	GlobalSection(SolutionConfigurationPlatforms) = preSolution
		Debug|Any CPU = Debug|Any CPU
		Release|Any CPU = Release|Any CPU
	EndGlobalSection
	GlobalSection(ProjectConfigurationPlatforms) = postSolution
		{45BEBAF6-904E-41E1-B25B-2E1CD11BC941}.Debug|Any CPU.ActiveCfg = Debug|Any CPU
		{45BEBAF6-904E-41E1-B25B-2E1CD11BC941}.Debug|Any CPU.Build.0 = Debug|Any CPU
		{45BEBAF6-904E-41E1-B25B-2E1CD11BC941}.Release|Any CPU.ActiveCfg = Release|Any CPU
		{45BEBAF6-904E-41E1-B25B-2E1CD11BC941}.Release|Any CPU.Build.0 = Release|Any CPU
		{BD524983-4591-4701-94E2-8508169D6795}.Debug|Any CPU.ActiveCfg = Debug|Any CPU
		{BD524983-4591-4701-94E2-8508169D6795}.Debug|Any CPU.Build.0 = Debug|Any CPU
		{BD524983-4591-4701-94E2-8508169D6795}.Release|Any CPU.ActiveCfg = Release|Any CPU
		{BD524983-4591-4701-94E2-8508169D6795}.Release|Any CPU.Build.0 = Release|Any CPU
		{CB5CE414-7DBA-4DED-AB23-173EACBC5B8F}.Debug|Any CPU.ActiveCfg = Debug|Any CPU
		{CB5CE414-7DBA-4DED-AB23-173EACBC5B8F}.Debug|Any CPU.Build.0 = Debug|Any CPU
		{CB5CE414-7DBA-4DED-AB23-173EACBC5B8F}.Release|Any CPU.ActiveCfg = Release|Any CPU
		{CB5CE414-7DBA-4DED-AB23-173EACBC5B8F}.Release|Any CPU.Build.0 = Release|Any CPU
	EndGlobalSection
	GlobalSection(SolutionProperties) = preSolution
		HideSolutionNode = FALSE
	EndGlobalSection
	GlobalSection(ExtensibilityGlobals) = postSolution
		SolutionGuid = {5ECEA21D-4DEC-492E-A5CC-FB7D8D770103}
	EndGlobalSection
EndGlobal
